// !$*UTF8*$!
{
	archiveVersion = 1;
	classes = {
	};
	objectVersion = 77;
	objects = {

/* Begin PBXContainerItemProxy section */
		043969882D01922A00C85372 /* PBXContainerItemProxy */ = {
			isa = PBXContainerItemProxy;
			containerPortal = 0439696F2D01922900C85372 /* Project object */;
			proxyType = 1;
			remoteGlobalIDString = 043969762D01922900C85372;
			remoteInfo = BLEBeaconScanner;
		};
		043969922D01922A00C85372 /* PBXContainerItemProxy */ = {
			isa = PBXContainerItemProxy;
			containerPortal = 0439696F2D01922900C85372 /* Project object */;
			proxyType = 1;
			remoteGlobalIDString = 043969762D01922900C85372;
			remoteInfo = BLEBeaconScanner;
		};
/* End PBXContainerItemProxy section */

/* Begin PBXFileReference section */
		043969772D01922900C85372 /* BLEBeaconScanner.app */ = {isa = PBXFileReference; explicitFileType = wrapper.application; includeInIndex = 0; path = BLEBeaconScanner.app; sourceTree = BUILT_PRODUCTS_DIR; };
		043969872D01922A00C85372 /* BLEBeaconScannerTests.xctest */ = {isa = PBXFileReference; explicitFileType = wrapper.cfbundle; includeInIndex = 0; path = BLEBeaconScannerTests.xctest; sourceTree = BUILT_PRODUCTS_DIR; };
		043969912D01922A00C85372 /* BLEBeaconScannerUITests.xctest */ = {isa = PBXFileReference; explicitFileType = wrapper.cfbundle; includeInIndex = 0; path = BLEBeaconScannerUITests.xctest; sourceTree = BUILT_PRODUCTS_DIR; };
/* End PBXFileReference section */

/* Begin PBXFileSystemSynchronizedBuildFileExceptionSet section */
		043969AB2D01933700C85372 /* Exceptions for "BLEBeaconScanner" folder in "BLEBeaconScanner" target */ = {
			isa = PBXFileSystemSynchronizedBuildFileExceptionSet;
			membershipExceptions = (
				Info.plist,
			);
			target = 043969762D01922900C85372 /* BLEBeaconScanner */;
		};
/* End PBXFileSystemSynchronizedBuildFileExceptionSet section */

/* Begin PBXFileSystemSynchronizedRootGroup section */
		043969792D01922900C85372 /* BLEBeaconScanner */ = {
			isa = PBXFileSystemSynchronizedRootGroup;
			exceptions = (
				043969AB2D01933700C85372 /* Exceptions for "BLEBeaconScanner" folder in "BLEBeaconScanner" target */,
			);
			path = BLEBeaconScanner;
			sourceTree = "<group>";
		};
		0439698A2D01922A00C85372 /* BLEBeaconScannerTests */ = {
			isa = PBXFileSystemSynchronizedRootGroup;
			path = BLEBeaconScannerTests;
			sourceTree = "<group>";
		};
		043969942D01922A00C85372 /* BLEBeaconScannerUITests */ = {
			isa = PBXFileSystemSynchronizedRootGroup;
			path = BLEBeaconScannerUITests;
			sourceTree = "<group>";
		};
/* End PBXFileSystemSynchronizedRootGroup section */

/* Begin PBXFrameworksBuildPhase section */
		043969742D01922900C85372 /* Frameworks */ = {
			isa = PBXFrameworksBuildPhase;
			buildActionMask = 2147483647;
			files = (
			);
			runOnlyForDeploymentPostprocessing = 0;
		};
		043969842D01922A00C85372 /* Frameworks */ = {
			isa = PBXFrameworksBuildPhase;
			buildActionMask = 2147483647;
			files = (
			);
			runOnlyForDeploymentPostprocessing = 0;
		};
		0439698E2D01922A00C85372 /* Frameworks */ = {
			isa = PBXFrameworksBuildPhase;
			buildActionMask = 2147483647;
			files = (
			);
			runOnlyForDeploymentPostprocessing = 0;
		};
/* End PBXFrameworksBuildPhase section */

/* Begin PBXGroup section */
		0439696E2D01922900C85372 = {
			isa = PBXGroup;
			children = (
				043969792D01922900C85372 /* BLEBeaconScanner */,
				0439698A2D01922A00C85372 /* BLEBeaconScannerTests */,
				043969942D01922A00C85372 /* BLEBeaconScannerUITests */,
				043969782D01922900C85372 /* Products */,
			);
			sourceTree = "<group>";
		};
		043969782D01922900C85372 /* Products */ = {
			isa = PBXGroup;
			children = (
				043969772D01922900C85372 /* BLEBeaconScanner.app */,
				043969872D01922A00C85372 /* BLEBeaconScannerTests.xctest */,
				043969912D01922A00C85372 /* BLEBeaconScannerUITests.xctest */,
			);
			name = Products;
			sourceTree = "<group>";
		};
/* End PBXGroup section */

/* Begin PBXNativeTarget section */
		043969762D01922900C85372 /* BLEBeaconScanner */ = {
			isa = PBXNativeTarget;
			buildConfigurationList = 0439699B2D01922A00C85372 /* Build configuration list for PBXNativeTarget "BLEBeaconScanner" */;
			buildPhases = (
				043969732D01922900C85372 /* Sources */,
				043969742D01922900C85372 /* Frameworks */,
				043969752D01922900C85372 /* Resources */,
			);
			buildRules = (
			);
			dependencies = (
			);
			fileSystemSynchronizedGroups = (
				043969792D01922900C85372 /* BLEBeaconScanner */,
			);
			name = BLEBeaconScanner;
			packageProductDependencies = (
			);
			productName = BLEBeaconScanner;
			productReference = 043969772D01922900C85372 /* BLEBeaconScanner.app */;
			productType = "com.apple.product-type.application";
		};
		043969862D01922A00C85372 /* BLEBeaconScannerTests */ = {
			isa = PBXNativeTarget;
			buildConfigurationList = 0439699E2D01922A00C85372 /* Build configuration list for PBXNativeTarget "BLEBeaconScannerTests" */;
			buildPhases = (
				043969832D01922A00C85372 /* Sources */,
				043969842D01922A00C85372 /* Frameworks */,
				043969852D01922A00C85372 /* Resources */,
			);
			buildRules = (
			);
			dependencies = (
				043969892D01922A00C85372 /* PBXTargetDependency */,
			);
			fileSystemSynchronizedGroups = (
				0439698A2D01922A00C85372 /* BLEBeaconScannerTests */,
			);
			name = BLEBeaconScannerTests;
			packageProductDependencies = (
			);
			productName = BLEBeaconScannerTests;
			productReference = 043969872D01922A00C85372 /* BLEBeaconScannerTests.xctest */;
			productType = "com.apple.product-type.bundle.unit-test";
		};
		043969902D01922A00C85372 /* BLEBeaconScannerUITests */ = {
			isa = PBXNativeTarget;
			buildConfigurationList = 043969A12D01922A00C85372 /* Build configuration list for PBXNativeTarget "BLEBeaconScannerUITests" */;
			buildPhases = (
				0439698D2D01922A00C85372 /* Sources */,
				0439698E2D01922A00C85372 /* Frameworks */,
				0439698F2D01922A00C85372 /* Resources */,
			);
			buildRules = (
			);
			dependencies = (
				043969932D01922A00C85372 /* PBXTargetDependency */,
			);
			fileSystemSynchronizedGroups = (
				043969942D01922A00C85372 /* BLEBeaconScannerUITests */,
			);
			name = BLEBeaconScannerUITests;
			packageProductDependencies = (
			);
			productName = BLEBeaconScannerUITests;
			productReference = 043969912D01922A00C85372 /* BLEBeaconScannerUITests.xctest */;
			productType = "com.apple.product-type.bundle.ui-testing";
		};
/* End PBXNativeTarget section */

/* Begin PBXProject section */
		0439696F2D01922900C85372 /* Project object */ = {
			isa = PBXProject;
			attributes = {
				BuildIndependentTargetsInParallel = 1;
				LastSwiftUpdateCheck = 1610;
				LastUpgradeCheck = 1610;
				TargetAttributes = {
					043969762D01922900C85372 = {
						CreatedOnToolsVersion = 16.1;
					};
					043969862D01922A00C85372 = {
						CreatedOnToolsVersion = 16.1;
						TestTargetID = 043969762D01922900C85372;
					};
					043969902D01922A00C85372 = {
						CreatedOnToolsVersion = 16.1;
						TestTargetID = 043969762D01922900C85372;
					};
				};
			};
			buildConfigurationList = 043969722D01922900C85372 /* Build configuration list for PBXProject "BLEBeaconScanner" */;
			developmentRegion = en;
			hasScannedForEncodings = 0;
			knownRegions = (
				en,
				Base,
			);
			mainGroup = 0439696E2D01922900C85372;
			minimizedProjectReferenceProxies = 1;
			preferredProjectObjectVersion = 77;
			productRefGroup = 043969782D01922900C85372 /* Products */;
			projectDirPath = "";
			projectRoot = "";
			targets = (
				043969762D01922900C85372 /* BLEBeaconScanner */,
				043969862D01922A00C85372 /* BLEBeaconScannerTests */,
				043969902D01922A00C85372 /* BLEBeaconScannerUITests */,
			);
		};
/* End PBXProject section */

/* Begin PBXResourcesBuildPhase section */
		043969752D01922900C85372 /* Resources */ = {
			isa = PBXResourcesBuildPhase;
			buildActionMask = 2147483647;
			files = (
			);
			runOnlyForDeploymentPostprocessing = 0;
		};
		043969852D01922A00C85372 /* Resources */ = {
			isa = PBXResourcesBuildPhase;
			buildActionMask = 2147483647;
			files = (
			);
			runOnlyForDeploymentPostprocessing = 0;
		};
		0439698F2D01922A00C85372 /* Resources */ = {
			isa = PBXResourcesBuildPhase;
			buildActionMask = 2147483647;
			files = (
			);
			runOnlyForDeploymentPostprocessing = 0;
		};
/* End PBXResourcesBuildPhase section */

/* Begin PBXSourcesBuildPhase section */
		043969732D01922900C85372 /* Sources */ = {
			isa = PBXSourcesBuildPhase;
			buildActionMask = 2147483647;
			files = (
			);
			runOnlyForDeploymentPostprocessing = 0;
		};
		043969832D01922A00C85372 /* Sources */ = {
			isa = PBXSourcesBuildPhase;
			buildActionMask = 2147483647;
			files = (
			);
			runOnlyForDeploymentPostprocessing = 0;
		};
		0439698D2D01922A00C85372 /* Sources */ = {
			isa = PBXSourcesBuildPhase;
			buildActionMask = 2147483647;
			files = (
			);
			runOnlyForDeploymentPostprocessing = 0;
		};
/* End PBXSourcesBuildPhase section */

/* Begin PBXTargetDependency section */
		043969892D01922A00C85372 /* PBXTargetDependency */ = {
			isa = PBXTargetDependency;
			target = 043969762D01922900C85372 /* BLEBeaconScanner */;
			targetProxy = 043969882D01922A00C85372 /* PBXContainerItemProxy */;
		};
		043969932D01922A00C85372 /* PBXTargetDependency */ = {
			isa = PBXTargetDependency;
			target = 043969762D01922900C85372 /* BLEBeaconScanner */;
			targetProxy = 043969922D01922A00C85372 /* PBXContainerItemProxy */;
		};
/* End PBXTargetDependency section */

/* Begin XCBuildConfiguration section */
		043969992D01922A00C85372 /* Debug */ = {
			isa = XCBuildConfiguration;
			buildSettings = {
				ALWAYS_SEARCH_USER_PATHS = NO;
				ASSETCATALOG_COMPILER_GENERATE_SWIFT_ASSET_SYMBOL_EXTENSIONS = YES;
				CLANG_ANALYZER_NONNULL = YES;
				CLANG_ANALYZER_NUMBER_OBJECT_CONVERSION = YES_AGGRESSIVE;
				CLANG_CXX_LANGUAGE_STANDARD = "gnu++20";
				CLANG_ENABLE_MODULES = YES;
				CLANG_ENABLE_OBJC_ARC = YES;
				CLANG_ENABLE_OBJC_WEAK = YES;
				CLANG_WARN_BLOCK_CAPTURE_AUTORELEASING = YES;
				CLANG_WARN_BOOL_CONVERSION = YES;
				CLANG_WARN_COMMA = YES;
				CLANG_WARN_CONSTANT_CONVERSION = YES;
				CLANG_WARN_DEPRECATED_OBJC_IMPLEMENTATIONS = YES;
				CLANG_WARN_DIRECT_OBJC_ISA_USAGE = YES_ERROR;
				CLANG_WARN_DOCUMENTATION_COMMENTS = YES;
				CLANG_WARN_EMPTY_BODY = YES;
				CLANG_WARN_ENUM_CONVERSION = YES;
				CLANG_WARN_INFINITE_RECURSION = YES;
				CLANG_WARN_INT_CONVERSION = YES;
				CLANG_WARN_NON_LITERAL_NULL_CONVERSION = YES;
				CLANG_WARN_OBJC_IMPLICIT_RETAIN_SELF = YES;
				CLANG_WARN_OBJC_LITERAL_CONVERSION = YES;
				CLANG_WARN_OBJC_ROOT_CLASS = YES_ERROR;
				CLANG_WARN_QUOTED_INCLUDE_IN_FRAMEWORK_HEADER = YES;
				CLANG_WARN_RANGE_LOOP_ANALYSIS = YES;
				CLANG_WARN_STRICT_PROTOTYPES = YES;
				CLANG_WARN_SUSPICIOUS_MOVE = YES;
				CLANG_WARN_UNGUARDED_AVAILABILITY = YES_AGGRESSIVE;
				CLANG_WARN_UNREACHABLE_CODE = YES;
				CLANG_WARN__DUPLICATE_METHOD_MATCH = YES;
				COPY_PHASE_STRIP = NO;
				DEBUG_INFORMATION_FORMAT = dwarf;
				ENABLE_STRICT_OBJC_MSGSEND = YES;
				ENABLE_TESTABILITY = YES;
				ENABLE_USER_SCRIPT_SANDBOXING = YES;
				GCC_C_LANGUAGE_STANDARD = gnu17;
				GCC_DYNAMIC_NO_PIC = NO;
				GCC_NO_COMMON_BLOCKS = YES;
				GCC_OPTIMIZATION_LEVEL = 0;
				GCC_PREPROCESSOR_DEFINITIONS = (
					"DEBUG=1",
					"$(inherited)",
				);
				GCC_WARN_64_TO_32_BIT_CONVERSION = YES;
				GCC_WARN_ABOUT_RETURN_TYPE = YES_ERROR;
				GCC_WARN_UNDECLARED_SELECTOR = YES;
				GCC_WARN_UNINITIALIZED_AUTOS = YES_AGGRESSIVE;
				GCC_WARN_UNUSED_FUNCTION = YES;
				GCC_WARN_UNUSED_VARIABLE = YES;
				IPHONEOS_DEPLOYMENT_TARGET = 18.1;
				LOCALIZATION_PREFERS_STRING_CATALOGS = YES;
				MTL_ENABLE_DEBUG_INFO = INCLUDE_SOURCE;
				MTL_FAST_MATH = YES;
				ONLY_ACTIVE_ARCH = YES;
				SDKROOT = iphoneos;
				SWIFT_ACTIVE_COMPILATION_CONDITIONS = "DEBUG $(inherited)";
				SWIFT_OPTIMIZATION_LEVEL = "-Onone";
			};
			name = Debug;
		};
		0439699A2D01922A00C85372 /* Release */ = {
			isa = XCBuildConfiguration;
			buildSettings = {
				ALWAYS_SEARCH_USER_PATHS = NO;
				ASSETCATALOG_COMPILER_GENERATE_SWIFT_ASSET_SYMBOL_EXTENSIONS = YES;
				CLANG_ANALYZER_NONNULL = YES;
				CLANG_ANALYZER_NUMBER_OBJECT_CONVERSION = YES_AGGRESSIVE;
				CLANG_CXX_LANGUAGE_STANDARD = "gnu++20";
				CLANG_ENABLE_MODULES = YES;
				CLANG_ENABLE_OBJC_ARC = YES;
				CLANG_ENABLE_OBJC_WEAK = YES;
				CLANG_WARN_BLOCK_CAPTURE_AUTORELEASING = YES;
				CLANG_WARN_BOOL_CONVERSION = YES;
				CLANG_WARN_COMMA = YES;
				CLANG_WARN_CONSTANT_CONVERSION = YES;
				CLANG_WARN_DEPRECATED_OBJC_IMPLEMENTATIONS = YES;
				CLANG_WARN_DIRECT_OBJC_ISA_USAGE = YES_ERROR;
				CLANG_WARN_DOCUMENTATION_COMMENTS = YES;
				CLANG_WARN_EMPTY_BODY = YES;
				CLANG_WARN_ENUM_CONVERSION = YES;
				CLANG_WARN_INFINITE_RECURSION = YES;
				CLANG_WARN_INT_CONVERSION = YES;
				CLANG_WARN_NON_LITERAL_NULL_CONVERSION = YES;
				CLANG_WARN_OBJC_IMPLICIT_RETAIN_SELF = YES;
				CLANG_WARN_OBJC_LITERAL_CONVERSION = YES;
				CLANG_WARN_OBJC_ROOT_CLASS = YES_ERROR;
				CLANG_WARN_QUOTED_INCLUDE_IN_FRAMEWORK_HEADER = YES;
				CLANG_WARN_RANGE_LOOP_ANALYSIS = YES;
				CLANG_WARN_STRICT_PROTOTYPES = YES;
				CLANG_WARN_SUSPICIOUS_MOVE = YES;
				CLANG_WARN_UNGUARDED_AVAILABILITY = YES_AGGRESSIVE;
				CLANG_WARN_UNREACHABLE_CODE = YES;
				CLANG_WARN__DUPLICATE_METHOD_MATCH = YES;
				COPY_PHASE_STRIP = NO;
				DEBUG_INFORMATION_FORMAT = "dwarf-with-dsym";
				ENABLE_NS_ASSERTIONS = NO;
				ENABLE_STRICT_OBJC_MSGSEND = YES;
				ENABLE_USER_SCRIPT_SANDBOXING = YES;
				GCC_C_LANGUAGE_STANDARD = gnu17;
				GCC_NO_COMMON_BLOCKS = YES;
				GCC_WARN_64_TO_32_BIT_CONVERSION = YES;
				GCC_WARN_ABOUT_RETURN_TYPE = YES_ERROR;
				GCC_WARN_UNDECLARED_SELECTOR = YES;
				GCC_WARN_UNINITIALIZED_AUTOS = YES_AGGRESSIVE;
				GCC_WARN_UNUSED_FUNCTION = YES;
				GCC_WARN_UNUSED_VARIABLE = YES;
				IPHONEOS_DEPLOYMENT_TARGET = 18.1;
				LOCALIZATION_PREFERS_STRING_CATALOGS = YES;
				MTL_ENABLE_DEBUG_INFO = NO;
				MTL_FAST_MATH = YES;
				SDKROOT = iphoneos;
				SWIFT_COMPILATION_MODE = wholemodule;
				VALIDATE_PRODUCT = YES;
			};
			name = Release;
		};
		0439699C2D01922A00C85372 /* Debug */ = {
			isa = XCBuildConfiguration;
			buildSettings = {
				ASSETCATALOG_COMPILER_APPICON_NAME = AppIcon;
				ASSETCATALOG_COMPILER_GLOBAL_ACCENT_COLOR_NAME = AccentColor;
				CODE_SIGN_STYLE = Automatic;
				CURRENT_PROJECT_VERSION = 1;
				DEVELOPMENT_ASSET_PATHS = "\"BLEBeaconScanner/Preview Content\"";
				DEVELOPMENT_TEAM = 3SZ9D5PW2D;
				ENABLE_PREVIEWS = YES;
				GENERATE_INFOPLIST_FILE = YES;
				INFOPLIST_FILE = BLEBeaconScanner/Info.plist;
				INFOPLIST_KEY_UIApplicationSceneManifest_Generation = YES;
				INFOPLIST_KEY_UIApplicationSupportsIndirectInputEvents = YES;
				INFOPLIST_KEY_UILaunchScreen_Generation = YES;
				INFOPLIST_KEY_UISupportedInterfaceOrientations_iPad = "UIInterfaceOrientationPortrait UIInterfaceOrientationPortraitUpsideDown UIInterfaceOrientationLandscapeLeft UIInterfaceOrientationLandscapeRight";
				INFOPLIST_KEY_UISupportedInterfaceOrientations_iPhone = "UIInterfaceOrientationPortrait UIInterfaceOrientationLandscapeLeft UIInterfaceOrientationLandscapeRight";
				LD_RUNPATH_SEARCH_PATHS = (
					"$(inherited)",
					"@executable_path/Frameworks",
				);
				MARKETING_VERSION = 1.0;
				PRODUCT_BUNDLE_IDENTIFIER = jp.mnb.BLEBeaconScanner.BLEBeaconScanner;
				PRODUCT_NAME = "$(TARGET_NAME)";
				SWIFT_EMIT_LOC_STRINGS = YES;
				SWIFT_VERSION = 5.0;
				TARGETED_DEVICE_FAMILY = "1,2";
			};
			name = Debug;
		};
		0439699D2D01922A00C85372 /* Release */ = {
			isa = XCBuildConfiguration;
			buildSettings = {
				ASSETCATALOG_COMPILER_APPICON_NAME = AppIcon;
				ASSETCATALOG_COMPILER_GLOBAL_ACCENT_COLOR_NAME = AccentColor;
				CODE_SIGN_STYLE = Automatic;
				CURRENT_PROJECT_VERSION = 1;
				DEVELOPMENT_ASSET_PATHS = "\"BLEBeaconScanner/Preview Content\"";
				DEVELOPMENT_TEAM = 3SZ9D5PW2D;
				ENABLE_PREVIEWS = YES;
				GENERATE_INFOPLIST_FILE = YES;
				INFOPLIST_FILE = BLEBeaconScanner/Info.plist;
				INFOPLIST_KEY_UIApplicationSceneManifest_Generation = YES;
				INFOPLIST_KEY_UIApplicationSupportsIndirectInputEvents = YES;
				INFOPLIST_KEY_UILaunchScreen_Generation = YES;
				INFOPLIST_KEY_UISupportedInterfaceOrientations_iPad = "UIInterfaceOrientationPortrait UIInterfaceOrientationPortraitUpsideDown UIInterfaceOrientationLandscapeLeft UIInterfaceOrientationLandscapeRight";
				INFOPLIST_KEY_UISupportedInterfaceOrientations_iPhone = "UIInterfaceOrientationPortrait UIInterfaceOrientationLandscapeLeft UIInterfaceOrientationLandscapeRight";
				LD_RUNPATH_SEARCH_PATHS = (
					"$(inherited)",
					"@executable_path/Frameworks",
				);
				MARKETING_VERSION = 1.0;
				PRODUCT_BUNDLE_IDENTIFIER = jp.mnb.BLEBeaconScanner.BLEBeaconScanner;
				PRODUCT_NAME = "$(TARGET_NAME)";
				SWIFT_EMIT_LOC_STRINGS = YES;
				SWIFT_VERSION = 5.0;
				TARGETED_DEVICE_FAMILY = "1,2";
			};
			name = Release;
		};
		0439699F2D01922A00C85372 /* Debug */ = {
			isa = XCBuildConfiguration;
			buildSettings = {
				BUNDLE_LOADER = "$(TEST_HOST)";
				CODE_SIGN_STYLE = Automatic;
				CURRENT_PROJECT_VERSION = 1;
				DEVELOPMENT_TEAM = 3SZ9D5PW2D;
				GENERATE_INFOPLIST_FILE = YES;
				IPHONEOS_DEPLOYMENT_TARGET = 18.1;
				MARKETING_VERSION = 1.0;
				PRODUCT_BUNDLE_IDENTIFIER = jp.mnb.BLEBeaconScanner.BLEBeaconScannerTests;
				PRODUCT_NAME = "$(TARGET_NAME)";
				SWIFT_EMIT_LOC_STRINGS = NO;
				SWIFT_VERSION = 5.0;
				TARGETED_DEVICE_FAMILY = "1,2";
				TEST_HOST = "$(BUILT_PRODUCTS_DIR)/BLEBeaconScanner.app/$(BUNDLE_EXECUTABLE_FOLDER_PATH)/BLEBeaconScanner";
			};
			name = Debug;
		};
		043969A02D01922A00C85372 /* Release */ = {
			isa = XCBuildConfiguration;
			buildSettings = {
				BUNDLE_LOADER = "$(TEST_HOST)";
				CODE_SIGN_STYLE = Automatic;
				CURRENT_PROJECT_VERSION = 1;
				DEVELOPMENT_TEAM = 3SZ9D5PW2D;
				GENERATE_INFOPLIST_FILE = YES;
				IPHONEOS_DEPLOYMENT_TARGET = 18.1;
				MARKETING_VERSION = 1.0;
				PRODUCT_BUNDLE_IDENTIFIER = jp.mnb.BLEBeaconScanner.BLEBeaconScannerTests;
				PRODUCT_NAME = "$(TARGET_NAME)";
				SWIFT_EMIT_LOC_STRINGS = NO;
				SWIFT_VERSION = 5.0;
				TARGETED_DEVICE_FAMILY = "1,2";
				TEST_HOST = "$(BUILT_PRODUCTS_DIR)/BLEBeaconScanner.app/$(BUNDLE_EXECUTABLE_FOLDER_PATH)/BLEBeaconScanner";
			};
			name = Release;
		};
		043969A22D01922A00C85372 /* Debug */ = {
			isa = XCBuildConfiguration;
			buildSettings = {
				CODE_SIGN_STYLE = Automatic;
				CURRENT_PROJECT_VERSION = 1;
				DEVELOPMENT_TEAM = 3SZ9D5PW2D;
				GENERATE_INFOPLIST_FILE = YES;
				MARKETING_VERSION = 1.0;
				PRODUCT_BUNDLE_IDENTIFIER = jp.mnb.BLEBeaconScanner.BLEBeaconScannerUITests;
				PRODUCT_NAME = "$(TARGET_NAME)";
				SWIFT_EMIT_LOC_STRINGS = NO;
				SWIFT_VERSION = 5.0;
				TARGETED_DEVICE_FAMILY = "1,2";
				TEST_TARGET_NAME = BLEBeaconScanner;
			};
			name = Debug;
		};
		043969A32D01922A00C85372 /* Release */ = {
			isa = XCBuildConfiguration;
			buildSettings = {
				CODE_SIGN_STYLE = Automatic;
				CURRENT_PROJECT_VERSION = 1;
				DEVELOPMENT_TEAM = 3SZ9D5PW2D;
				GENERATE_INFOPLIST_FILE = YES;
				MARKETING_VERSION = 1.0;
				PRODUCT_BUNDLE_IDENTIFIER = jp.mnb.BLEBeaconScanner.BLEBeaconScannerUITests;
				PRODUCT_NAME = "$(TARGET_NAME)";
				SWIFT_EMIT_LOC_STRINGS = NO;
				SWIFT_VERSION = 5.0;
				TARGETED_DEVICE_FAMILY = "1,2";
				TEST_TARGET_NAME = BLEBeaconScanner;
			};
			name = Release;
		};
/* End XCBuildConfiguration section */

/* Begin XCConfigurationList section */
		043969722D01922900C85372 /* Build configuration list for PBXProject "BLEBeaconScanner" */ = {
			isa = XCConfigurationList;
			buildConfigurations = (
				043969992D01922A00C85372 /* Debug */,
				0439699A2D01922A00C85372 /* Release */,
			);
			defaultConfigurationIsVisible = 0;
			defaultConfigurationName = Release;
		};
		0439699B2D01922A00C85372 /* Build configuration list for PBXNativeTarget "BLEBeaconScanner" */ = {
			isa = XCConfigurationList;
			buildConfigurations = (
				0439699C2D01922A00C85372 /* Debug */,
				0439699D2D01922A00C85372 /* Release */,
			);
			defaultConfigurationIsVisible = 0;
			defaultConfigurationName = Release;
		};
		0439699E2D01922A00C85372 /* Build configuration list for PBXNativeTarget "BLEBeaconScannerTests" */ = {
			isa = XCConfigurationList;
			buildConfigurations = (
				0439699F2D01922A00C85372 /* Debug */,
				043969A02D01922A00C85372 /* Release */,
			);
			defaultConfigurationIsVisible = 0;
			defaultConfigurationName = Release;
		};
		043969A12D01922A00C85372 /* Build configuration list for PBXNativeTarget "BLEBeaconScannerUITests" */ = {
			isa = XCConfigurationList;
			buildConfigurations = (
				043969A22D01922A00C85372 /* Debug */,
				043969A32D01922A00C85372 /* Release */,
			);
			defaultConfigurationIsVisible = 0;
			defaultConfigurationName = Release;
		};
/* End XCConfigurationList section */
	};
	rootObject = 0439696F2D01922900C85372 /* Project object */;
}
